// !$*UTF8*$!
{
	archiveVersion = 1;
	classes = {
	};
	objectVersion = 50;
	objects = {

/* Begin PBXBuildFile section */
		6135052A21F2655600CF34E3 /* PhotoHelper.swift in Sources */ = {isa = PBXBuildFile; fileRef = 6135052921F2655600CF34E3 /* PhotoHelper.swift */; };
		61A5964D21F18E0600E1D464 /* Item.swift in Sources */ = {isa = PBXBuildFile; fileRef = 61A5964C21F18E0600E1D464 /* Item.swift */; };
		61A5964F21F18E3200E1D464 /* ItemModel.swift in Sources */ = {isa = PBXBuildFile; fileRef = 61A5964E21F18E3200E1D464 /* ItemModel.swift */; };
		61A5965121F18E5800E1D464 /* DataPersistenceManager.swift in Sources */ = {isa = PBXBuildFile; fileRef = 61A5965021F18E5800E1D464 /* DataPersistenceManager.swift */; };
		61FC18D521F0E6DF00C224AA /* AppDelegate.swift in Sources */ = {isa = PBXBuildFile; fileRef = 61FC18D421F0E6DF00C224AA /* AppDelegate.swift */; };
		61FC18DA21F0E6DF00C224AA /* Main.storyboard in Resources */ = {isa = PBXBuildFile; fileRef = 61FC18D821F0E6DF00C224AA /* Main.storyboard */; };
		61FC18DC21F0E6E100C224AA /* Assets.xcassets in Resources */ = {isa = PBXBuildFile; fileRef = 61FC18DB21F0E6E100C224AA /* Assets.xcassets */; };
		61FC18DF21F0E6E100C224AA /* LaunchScreen.storyboard in Resources */ = {isa = PBXBuildFile; fileRef = 61FC18DD21F0E6E100C224AA /* LaunchScreen.storyboard */; };
		61FC18EE21F118C900C224AA /* PhotoAlbumVC.swift in Sources */ = {isa = PBXBuildFile; fileRef = 61FC18ED21F118C900C224AA /* PhotoAlbumVC.swift */; };
		61FC18F021F118D900C224AA /* PhotoAlbumDetailVC.swift in Sources */ = {isa = PBXBuildFile; fileRef = 61FC18EF21F118D900C224AA /* PhotoAlbumDetailVC.swift */; };
		61FC18F221F119D900C224AA /* PhotoAlbumCell.swift in Sources */ = {isa = PBXBuildFile; fileRef = 61FC18F121F119D900C224AA /* PhotoAlbumCell.swift */; };
/* End PBXBuildFile section */

/* Begin PBXFileReference section */
		6135052921F2655600CF34E3 /* PhotoHelper.swift */ = {isa = PBXFileReference; lastKnownFileType = sourcecode.swift; path = PhotoHelper.swift; sourceTree = "<group>"; };
		61A5964C21F18E0600E1D464 /* Item.swift */ = {isa = PBXFileReference; lastKnownFileType = sourcecode.swift; path = Item.swift; sourceTree = "<group>"; };
		61A5964E21F18E3200E1D464 /* ItemModel.swift */ = {isa = PBXFileReference; lastKnownFileType = sourcecode.swift; path = ItemModel.swift; sourceTree = "<group>"; };
		61A5965021F18E5800E1D464 /* DataPersistenceManager.swift */ = {isa = PBXFileReference; lastKnownFileType = sourcecode.swift; path = DataPersistenceManager.swift; sourceTree = "<group>"; };
		61FC18D121F0E6DE00C224AA /* PhotoAlbum.app */ = {isa = PBXFileReference; explicitFileType = wrapper.application; includeInIndex = 0; path = PhotoAlbum.app; sourceTree = BUILT_PRODUCTS_DIR; };
		61FC18D421F0E6DF00C224AA /* AppDelegate.swift */ = {isa = PBXFileReference; lastKnownFileType = sourcecode.swift; path = AppDelegate.swift; sourceTree = "<group>"; };
		61FC18D921F0E6DF00C224AA /* Base */ = {isa = PBXFileReference; lastKnownFileType = file.storyboard; name = Base; path = Base.lproj/Main.storyboard; sourceTree = "<group>"; };
		61FC18DB21F0E6E100C224AA /* Assets.xcassets */ = {isa = PBXFileReference; lastKnownFileType = folder.assetcatalog; path = Assets.xcassets; sourceTree = "<group>"; };
		61FC18DE21F0E6E100C224AA /* Base */ = {isa = PBXFileReference; lastKnownFileType = file.storyboard; name = Base; path = Base.lproj/LaunchScreen.storyboard; sourceTree = "<group>"; };
		61FC18E021F0E6E100C224AA /* Info.plist */ = {isa = PBXFileReference; lastKnownFileType = text.plist.xml; path = Info.plist; sourceTree = "<group>"; };
		61FC18ED21F118C900C224AA /* PhotoAlbumVC.swift */ = {isa = PBXFileReference; lastKnownFileType = sourcecode.swift; path = PhotoAlbumVC.swift; sourceTree = "<group>"; };
		61FC18EF21F118D900C224AA /* PhotoAlbumDetailVC.swift */ = {isa = PBXFileReference; lastKnownFileType = sourcecode.swift; path = PhotoAlbumDetailVC.swift; sourceTree = "<group>"; };
		61FC18F121F119D900C224AA /* PhotoAlbumCell.swift */ = {isa = PBXFileReference; lastKnownFileType = sourcecode.swift; path = PhotoAlbumCell.swift; sourceTree = "<group>"; };
/* End PBXFileReference section */

/* Begin PBXFrameworksBuildPhase section */
		61FC18CE21F0E6DE00C224AA /* Frameworks */ = {
			isa = PBXFrameworksBuildPhase;
			buildActionMask = 2147483647;
			files = (
			);
			runOnlyForDeploymentPostprocessing = 0;
		};
/* End PBXFrameworksBuildPhase section */

/* Begin PBXGroup section */
		61A5965221F18EA000E1D464 /* Models */ = {
			isa = PBXGroup;
			children = (
				61A5964C21F18E0600E1D464 /* Item.swift */,
				6135052921F2655600CF34E3 /* PhotoHelper.swift */,
				61A5964E21F18E3200E1D464 /* ItemModel.swift */,
			);
			path = Models;
			sourceTree = "<group>";
		};
		61A5965321F18EA600E1D464 /* Managers */ = {
			isa = PBXGroup;
			children = (
				61A5965021F18E5800E1D464 /* DataPersistenceManager.swift */,
			);
			path = Managers;
			sourceTree = "<group>";
		};
		61FC18C821F0E6DE00C224AA = {
			isa = PBXGroup;
			children = (
				61FC18D321F0E6DE00C224AA /* PhotoAlbum */,
				61FC18D221F0E6DE00C224AA /* Products */,
			);
			sourceTree = "<group>";
		};
		61FC18D221F0E6DE00C224AA /* Products */ = {
			isa = PBXGroup;
			children = (
				61FC18D121F0E6DE00C224AA /* PhotoAlbum.app */,
			);
			name = Products;
			sourceTree = "<group>";
		};
		61FC18D321F0E6DE00C224AA /* PhotoAlbum */ = {
			isa = PBXGroup;
			children = (
				61A5965221F18EA000E1D464 /* Models */,
				61A5965321F18EA600E1D464 /* Managers */,
				61FC18F321F119EA00C224AA /* Views */,
				61FC18D821F0E6DF00C224AA /* Main.storyboard */,
				61FC18E621F0E6E900C224AA /* Controllers */,
				61FC18E721F0E6F700C224AA /* SupportingFiles */,
				61FC18E021F0E6E100C224AA /* Info.plist */,
			);
			path = PhotoAlbum;
			sourceTree = "<group>";
		};
		61FC18E621F0E6E900C224AA /* Controllers */ = {
			isa = PBXGroup;
			children = (
				61FC18ED21F118C900C224AA /* PhotoAlbumVC.swift */,
				61FC18EF21F118D900C224AA /* PhotoAlbumDetailVC.swift */,
			);
			path = Controllers;
			sourceTree = "<group>";
		};
		61FC18E721F0E6F700C224AA /* SupportingFiles */ = {
			isa = PBXGroup;
			children = (
				61FC18D421F0E6DF00C224AA /* AppDelegate.swift */,
				61FC18DB21F0E6E100C224AA /* Assets.xcassets */,
				61FC18DD21F0E6E100C224AA /* LaunchScreen.storyboard */,
			);
			path = SupportingFiles;
			sourceTree = "<group>";
		};
		61FC18F321F119EA00C224AA /* Views */ = {
			isa = PBXGroup;
			children = (
				61FC18F121F119D900C224AA /* PhotoAlbumCell.swift */,
			);
			path = Views;
			sourceTree = "<group>";
		};
/* End PBXGroup section */

/* Begin PBXNativeTarget section */
		61FC18D021F0E6DE00C224AA /* PhotoAlbum */ = {
			isa = PBXNativeTarget;
			buildConfigurationList = 61FC18E321F0E6E100C224AA /* Build configuration list for PBXNativeTarget "PhotoAlbum" */;
			buildPhases = (
				61FC18CD21F0E6DE00C224AA /* Sources */,
				61FC18CE21F0E6DE00C224AA /* Frameworks */,
				61FC18CF21F0E6DE00C224AA /* Resources */,
			);
			buildRules = (
			);
			dependencies = (
			);
			name = PhotoAlbum;
			productName = PhotoAlbum;
			productReference = 61FC18D121F0E6DE00C224AA /* PhotoAlbum.app */;
			productType = "com.apple.product-type.application";
		};
/* End PBXNativeTarget section */

/* Begin PBXProject section */
		61FC18C921F0E6DE00C224AA /* Project object */ = {
			isa = PBXProject;
			attributes = {
				LastSwiftUpdateCheck = 1000;
				LastUpgradeCheck = 1000;
				ORGANIZATIONNAME = "Joshua Viera";
				TargetAttributes = {
					61FC18D021F0E6DE00C224AA = {
						CreatedOnToolsVersion = 10.0;
					};
				};
			};
			buildConfigurationList = 61FC18CC21F0E6DE00C224AA /* Build configuration list for PBXProject "PhotoAlbum" */;
			compatibilityVersion = "Xcode 9.3";
			developmentRegion = en;
			hasScannedForEncodings = 0;
			knownRegions = (
				en,
				Base,
			);
			mainGroup = 61FC18C821F0E6DE00C224AA;
			productRefGroup = 61FC18D221F0E6DE00C224AA /* Products */;
			projectDirPath = "";
			projectRoot = "";
			targets = (
				61FC18D021F0E6DE00C224AA /* PhotoAlbum */,
			);
		};
/* End PBXProject section */

/* Begin PBXResourcesBuildPhase section */
		61FC18CF21F0E6DE00C224AA /* Resources */ = {
			isa = PBXResourcesBuildPhase;
			buildActionMask = 2147483647;
			files = (
				61FC18DF21F0E6E100C224AA /* LaunchScreen.storyboard in Resources */,
				61FC18DC21F0E6E100C224AA /* Assets.xcassets in Resources */,
				61FC18DA21F0E6DF00C224AA /* Main.storyboard in Resources */,
			);
			runOnlyForDeploymentPostprocessing = 0;
		};
/* End PBXResourcesBuildPhase section */

/* Begin PBXSourcesBuildPhase section */
		61FC18CD21F0E6DE00C224AA /* Sources */ = {
			isa = PBXSourcesBuildPhase;
			buildActionMask = 2147483647;
			files = (
				61A5964F21F18E3200E1D464 /* ItemModel.swift in Sources */,
				61A5964D21F18E0600E1D464 /* Item.swift in Sources */,
				61FC18D521F0E6DF00C224AA /* AppDelegate.swift in Sources */,
				61A5965121F18E5800E1D464 /* DataPersistenceManager.swift in Sources */,
				61FC18F021F118D900C224AA /* PhotoAlbumDetailVC.swift in Sources */,
				61FC18F221F119D900C224AA /* PhotoAlbumCell.swift in Sources */,
				6135052A21F2655600CF34E3 /* PhotoHelper.swift in Sources */,
				61FC18EE21F118C900C224AA /* PhotoAlbumVC.swift in Sources */,
			);
			runOnlyForDeploymentPostprocessing = 0;
		};
/* End PBXSourcesBuildPhase section */

/* Begin PBXVariantGroup section */
		61FC18D821F0E6DF00C224AA /* Main.storyboard */ = {
			isa = PBXVariantGroup;
			children = (
				61FC18D921F0E6DF00C224AA /* Base */,
			);
			name = Main.storyboard;
			sourceTree = "<group>";
		};
		61FC18DD21F0E6E100C224AA /* LaunchScreen.storyboard */ = {
			isa = PBXVariantGroup;
			children = (
				61FC18DE21F0E6E100C224AA /* Base */,
			);
			name = LaunchScreen.storyboard;
			sourceTree = "<group>";
		};
/* End PBXVariantGroup section */

/* Begin XCBuildConfiguration section */
		61FC18E121F0E6E100C224AA /* Debug */ = {
			isa = XCBuildConfiguration;
			buildSettings = {
				ALWAYS_SEARCH_USER_PATHS = NO;
				CLANG_ANALYZER_NONNULL = YES;
				CLANG_ANALYZER_NUMBER_OBJECT_CONVERSION = YES_AGGRESSIVE;
				CLANG_CXX_LANGUAGE_STANDARD = "gnu++14";
				CLANG_CXX_LIBRARY = "libc++";
				CLANG_ENABLE_MODULES = YES;
				CLANG_ENABLE_OBJC_ARC = YES;
				CLANG_ENABLE_OBJC_WEAK = YES;
				CLANG_WARN_BLOCK_CAPTURE_AUTORELEASING = YES;
				CLANG_WARN_BOOL_CONVERSION = YES;
				CLANG_WARN_COMMA = YES;
				CLANG_WARN_CONSTANT_CONVERSION = YES;
				CLANG_WARN_DEPRECATED_OBJC_IMPLEMENTATIONS = YES;
				CLANG_WARN_DIRECT_OBJC_ISA_USAGE = YES_ERROR;
				CLANG_WARN_DOCUMENTATION_COMMENTS = YES;
				CLANG_WARN_EMPTY_BODY = YES;
				CLANG_WARN_ENUM_CONVERSION = YES;
				CLANG_WARN_INFINITE_RECURSION = YES;
				CLANG_WARN_INT_CONVERSION = YES;
				CLANG_WARN_NON_LITERAL_NULL_CONVERSION = YES;
				CLANG_WARN_OBJC_IMPLICIT_RETAIN_SELF = YES;
				CLANG_WARN_OBJC_LITERAL_CONVERSION = YES;
				CLANG_WARN_OBJC_ROOT_CLASS = YES_ERROR;
				CLANG_WARN_RANGE_LOOP_ANALYSIS = YES;
				CLANG_WARN_STRICT_PROTOTYPES = YES;
				CLANG_WARN_SUSPICIOUS_MOVE = YES;
				CLANG_WARN_UNGUARDED_AVAILABILITY = YES_AGGRESSIVE;
				CLANG_WARN_UNREACHABLE_CODE = YES;
				CLANG_WARN__DUPLICATE_METHOD_MATCH = YES;
				CODE_SIGN_IDENTITY = "iPhone Developer";
				COPY_PHASE_STRIP = NO;
				DEBUG_INFORMATION_FORMAT = dwarf;
				ENABLE_STRICT_OBJC_MSGSEND = YES;
				ENABLE_TESTABILITY = YES;
				GCC_C_LANGUAGE_STANDARD = gnu11;
				GCC_DYNAMIC_NO_PIC = NO;
				GCC_NO_COMMON_BLOCKS = YES;
				GCC_OPTIMIZATION_LEVEL = 0;
				GCC_PREPROCESSOR_DEFINITIONS = (
					"DEBUG=1",
					"$(inherited)",
				);
				GCC_WARN_64_TO_32_BIT_CONVERSION = YES;
				GCC_WARN_ABOUT_RETURN_TYPE = YES_ERROR;
				GCC_WARN_UNDECLARED_SELECTOR = YES;
				GCC_WARN_UNINITIALIZED_AUTOS = YES_AGGRESSIVE;
				GCC_WARN_UNUSED_FUNCTION = YES;
				GCC_WARN_UNUSED_VARIABLE = YES;
				IPHONEOS_DEPLOYMENT_TARGET = 12.0;
				MTL_ENABLE_DEBUG_INFO = INCLUDE_SOURCE;
				MTL_FAST_MATH = YES;
				ONLY_ACTIVE_ARCH = YES;
				SDKROOT = iphoneos;
				SWIFT_ACTIVE_COMPILATION_CONDITIONS = DEBUG;
				SWIFT_OPTIMIZATION_LEVEL = "-Onone";
			};
			name = Debug;
		};
		61FC18E221F0E6E100C224AA /* Release */ = {
			isa = XCBuildConfiguration;
			buildSettings = {
				ALWAYS_SEARCH_USER_PATHS = NO;
				CLANG_ANALYZER_NONNULL = YES;
				CLANG_ANALYZER_NUMBER_OBJECT_CONVERSION = YES_AGGRESSIVE;
				CLANG_CXX_LANGUAGE_STANDARD = "gnu++14";
				CLANG_CXX_LIBRARY = "libc++";
				CLANG_ENABLE_MODULES = YES;
				CLANG_ENABLE_OBJC_ARC = YES;
				CLANG_ENABLE_OBJC_WEAK = YES;
				CLANG_WARN_BLOCK_CAPTURE_AUTORELEASING = YES;
				CLANG_WARN_BOOL_CONVERSION = YES;
				CLANG_WARN_COMMA = YES;
				CLANG_WARN_CONSTANT_CONVERSION = YES;
				CLANG_WARN_DEPRECATED_OBJC_IMPLEMENTATIONS = YES;
				CLANG_WARN_DIRECT_OBJC_ISA_USAGE = YES_ERROR;
				CLANG_WARN_DOCUMENTATION_COMMENTS = YES;
				CLANG_WARN_EMPTY_BODY = YES;
				CLANG_WARN_ENUM_CONVERSION = YES;
				CLANG_WARN_INFINITE_RECURSION = YES;
				CLANG_WARN_INT_CONVERSION = YES;
				CLANG_WARN_NON_LITERAL_NULL_CONVERSION = YES;
				CLANG_WARN_OBJC_IMPLICIT_RETAIN_SELF = YES;
				CLANG_WARN_OBJC_LITERAL_CONVERSION = YES;
				CLANG_WARN_OBJC_ROOT_CLASS = YES_ERROR;
				CLANG_WARN_RANGE_LOOP_ANALYSIS = YES;
				CLANG_WARN_STRICT_PROTOTYPES = YES;
				CLANG_WARN_SUSPICIOUS_MOVE = YES;
				CLANG_WARN_UNGUARDED_AVAILABILITY = YES_AGGRESSIVE;
				CLANG_WARN_UNREACHABLE_CODE = YES;
				CLANG_WARN__DUPLICATE_METHOD_MATCH = YES;
				CODE_SIGN_IDENTITY = "iPhone Developer";
				COPY_PHASE_STRIP = NO;
				DEBUG_INFORMATION_FORMAT = "dwarf-with-dsym";
				ENABLE_NS_ASSERTIONS = NO;
				ENABLE_STRICT_OBJC_MSGSEND = YES;
				GCC_C_LANGUAGE_STANDARD = gnu11;
				GCC_NO_COMMON_BLOCKS = YES;
				GCC_WARN_64_TO_32_BIT_CONVERSION = YES;
				GCC_WARN_ABOUT_RETURN_TYPE = YES_ERROR;
				GCC_WARN_UNDECLARED_SELECTOR = YES;
				GCC_WARN_UNINITIALIZED_AUTOS = YES_AGGRESSIVE;
				GCC_WARN_UNUSED_FUNCTION = YES;
				GCC_WARN_UNUSED_VARIABLE = YES;
				IPHONEOS_DEPLOYMENT_TARGET = 12.0;
				MTL_ENABLE_DEBUG_INFO = NO;
				MTL_FAST_MATH = YES;
				SDKROOT = iphoneos;
				SWIFT_COMPILATION_MODE = wholemodule;
				SWIFT_OPTIMIZATION_LEVEL = "-O";
				VALIDATE_PRODUCT = YES;
			};
			name = Release;
		};
		61FC18E421F0E6E100C224AA /* Debug */ = {
			isa = XCBuildConfiguration;
			buildSettings = {
				ASSETCATALOG_COMPILER_APPICON_NAME = AppIcon;
				CODE_SIGN_STYLE = Automatic;
				DEVELOPMENT_TEAM = VRSJN42Y8R;
				INFOPLIST_FILE = PhotoAlbum/Info.plist;
				LD_RUNPATH_SEARCH_PATHS = (
					"$(inherited)",
					"@executable_path/Frameworks",
				);
				PRODUCT_BUNDLE_IDENTIFIER = org.pursuit.PhotoAlbum;
				PRODUCT_NAME = "$(TARGET_NAME)";
				SWIFT_VERSION = 4.2;
				TARGETED_DEVICE_FAMILY = "1,2";
			};
			name = Debug;
		};
		61FC18E521F0E6E100C224AA /* Release */ = {
			isa = XCBuildConfiguration;
			buildSettings = {
				ASSETCATALOG_COMPILER_APPICON_NAME = AppIcon;
				CODE_SIGN_STYLE = Automatic;
				DEVELOPMENT_TEAM = VRSJN42Y8R;
				INFOPLIST_FILE = PhotoAlbum/Info.plist;
				LD_RUNPATH_SEARCH_PATHS = (
					"$(inherited)",
					"@executable_path/Frameworks",
				);
				PRODUCT_BUNDLE_IDENTIFIER = org.pursuit.PhotoAlbum;
				PRODUCT_NAME = "$(TARGET_NAME)";
				SWIFT_VERSION = 4.2;
				TARGETED_DEVICE_FAMILY = "1,2";
			};
			name = Release;
		};
/* End XCBuildConfiguration section */

/* Begin XCConfigurationList section */
		61FC18CC21F0E6DE00C224AA /* Build configuration list for PBXProject "PhotoAlbum" */ = {
			isa = XCConfigurationList;
			buildConfigurations = (
				61FC18E121F0E6E100C224AA /* Debug */,
				61FC18E221F0E6E100C224AA /* Release */,
			);
			defaultConfigurationIsVisible = 0;
			defaultConfigurationName = Release;
		};
		61FC18E321F0E6E100C224AA /* Build configuration list for PBXNativeTarget "PhotoAlbum" */ = {
			isa = XCConfigurationList;
			buildConfigurations = (
				61FC18E421F0E6E100C224AA /* Debug */,
				61FC18E521F0E6E100C224AA /* Release */,
			);
			defaultConfigurationIsVisible = 0;
			defaultConfigurationName = Release;
		};
/* End XCConfigurationList section */
	};
	rootObject = 61FC18C921F0E6DE00C224AA /* Project object */;
}
